// !$*UTF8*$!
{
	archiveVersion = 1;
	classes = {
	};
	objectVersion = 52;
	objects = {

/* Begin PBXBuildFile section */
		2907F2E4240A4F1700BC7DB3 /* AppDelegate.swift in Sources */ = {isa = PBXBuildFile; fileRef = 2907F2E3240A4F1700BC7DB3 /* AppDelegate.swift */; };
		2907F2E6240A4F1700BC7DB3 /* ContentView.swift in Sources */ = {isa = PBXBuildFile; fileRef = 2907F2E5240A4F1700BC7DB3 /* ContentView.swift */; };
		2907F2E8240A4F1A00BC7DB3 /* Assets.xcassets in Resources */ = {isa = PBXBuildFile; fileRef = 2907F2E7240A4F1A00BC7DB3 /* Assets.xcassets */; };
		2907F2EB240A4F1A00BC7DB3 /* Preview Assets.xcassets in Resources */ = {isa = PBXBuildFile; fileRef = 2907F2EA240A4F1A00BC7DB3 /* Preview Assets.xcassets */; };
		2907F2EE240A4F1A00BC7DB3 /* Main.storyboard in Resources */ = {isa = PBXBuildFile; fileRef = 2907F2EC240A4F1A00BC7DB3 /* Main.storyboard */; };
		2907F2FA240A4F1B00BC7DB3 /* PasterTests.swift in Sources */ = {isa = PBXBuildFile; fileRef = 2907F2F9240A4F1B00BC7DB3 /* PasterTests.swift */; };
		2907F305240A4F1B00BC7DB3 /* PasterUITests.swift in Sources */ = {isa = PBXBuildFile; fileRef = 2907F304240A4F1B00BC7DB3 /* PasterUITests.swift */; };
		2907F314240A4FAD00BC7DB3 /* RxSwift in Frameworks */ = {isa = PBXBuildFile; productRef = 2907F313240A4FAD00BC7DB3 /* RxSwift */; };
		2907F318240A4FAD00BC7DB3 /* RxRelay in Frameworks */ = {isa = PBXBuildFile; productRef = 2907F317240A4FAD00BC7DB3 /* RxRelay */; };
		2907F31A240A4FAD00BC7DB3 /* RxCocoa in Frameworks */ = {isa = PBXBuildFile; productRef = 2907F319240A4FAD00BC7DB3 /* RxCocoa */; };
		2907F31E240A4FE200BC7DB3 /* MenuManager.swift in Sources */ = {isa = PBXBuildFile; fileRef = 2907F31D240A4FE200BC7DB3 /* MenuManager.swift */; };
		2907F320240A500A00BC7DB3 /* StringHandler.swift in Sources */ = {isa = PBXBuildFile; fileRef = 2907F31F240A500A00BC7DB3 /* StringHandler.swift */; };
/* End PBXBuildFile section */

/* Begin PBXContainerItemProxy section */
		2907F2F6240A4F1B00BC7DB3 /* PBXContainerItemProxy */ = {
			isa = PBXContainerItemProxy;
			containerPortal = 2907F2D8240A4F1700BC7DB3 /* Project object */;
			proxyType = 1;
			remoteGlobalIDString = 2907F2DF240A4F1700BC7DB3;
			remoteInfo = Paster;
		};
		2907F301240A4F1B00BC7DB3 /* PBXContainerItemProxy */ = {
			isa = PBXContainerItemProxy;
			containerPortal = 2907F2D8240A4F1700BC7DB3 /* Project object */;
			proxyType = 1;
			remoteGlobalIDString = 2907F2DF240A4F1700BC7DB3;
			remoteInfo = Paster;
		};
/* End PBXContainerItemProxy section */

/* Begin PBXFileReference section */
		2907F2E0240A4F1700BC7DB3 /* Paster.app */ = {isa = PBXFileReference; explicitFileType = wrapper.application; includeInIndex = 0; path = Paster.app; sourceTree = BUILT_PRODUCTS_DIR; };
		2907F2E3240A4F1700BC7DB3 /* AppDelegate.swift */ = {isa = PBXFileReference; lastKnownFileType = sourcecode.swift; path = AppDelegate.swift; sourceTree = "<group>"; };
		2907F2E5240A4F1700BC7DB3 /* ContentView.swift */ = {isa = PBXFileReference; lastKnownFileType = sourcecode.swift; path = ContentView.swift; sourceTree = "<group>"; };
		2907F2E7240A4F1A00BC7DB3 /* Assets.xcassets */ = {isa = PBXFileReference; lastKnownFileType = folder.assetcatalog; path = Assets.xcassets; sourceTree = "<group>"; };
		2907F2EA240A4F1A00BC7DB3 /* Preview Assets.xcassets */ = {isa = PBXFileReference; lastKnownFileType = folder.assetcatalog; path = "Preview Assets.xcassets"; sourceTree = "<group>"; };
		2907F2ED240A4F1A00BC7DB3 /* Base */ = {isa = PBXFileReference; lastKnownFileType = file.storyboard; name = Base; path = Base.lproj/Main.storyboard; sourceTree = "<group>"; };
		2907F2EF240A4F1A00BC7DB3 /* Info.plist */ = {isa = PBXFileReference; lastKnownFileType = text.plist.xml; path = Info.plist; sourceTree = "<group>"; };
		2907F2F0240A4F1A00BC7DB3 /* Paster.entitlements */ = {isa = PBXFileReference; lastKnownFileType = text.plist.entitlements; path = Paster.entitlements; sourceTree = "<group>"; };
		2907F2F5240A4F1B00BC7DB3 /* PasterTests.xctest */ = {isa = PBXFileReference; explicitFileType = wrapper.cfbundle; includeInIndex = 0; path = PasterTests.xctest; sourceTree = BUILT_PRODUCTS_DIR; };
		2907F2F9240A4F1B00BC7DB3 /* PasterTests.swift */ = {isa = PBXFileReference; lastKnownFileType = sourcecode.swift; path = PasterTests.swift; sourceTree = "<group>"; };
		2907F2FB240A4F1B00BC7DB3 /* Info.plist */ = {isa = PBXFileReference; lastKnownFileType = text.plist.xml; path = Info.plist; sourceTree = "<group>"; };
		2907F300240A4F1B00BC7DB3 /* PasterUITests.xctest */ = {isa = PBXFileReference; explicitFileType = wrapper.cfbundle; includeInIndex = 0; path = PasterUITests.xctest; sourceTree = BUILT_PRODUCTS_DIR; };
		2907F304240A4F1B00BC7DB3 /* PasterUITests.swift */ = {isa = PBXFileReference; lastKnownFileType = sourcecode.swift; path = PasterUITests.swift; sourceTree = "<group>"; };
		2907F306240A4F1B00BC7DB3 /* Info.plist */ = {isa = PBXFileReference; lastKnownFileType = text.plist.xml; path = Info.plist; sourceTree = "<group>"; };
		2907F31D240A4FE200BC7DB3 /* MenuManager.swift */ = {isa = PBXFileReference; lastKnownFileType = sourcecode.swift; path = MenuManager.swift; sourceTree = "<group>"; };
		2907F31F240A500A00BC7DB3 /* StringHandler.swift */ = {isa = PBXFileReference; lastKnownFileType = sourcecode.swift; path = StringHandler.swift; sourceTree = "<group>"; };
/* End PBXFileReference section */

/* Begin PBXFrameworksBuildPhase section */
		2907F2DD240A4F1700BC7DB3 /* Frameworks */ = {
			isa = PBXFrameworksBuildPhase;
			buildActionMask = 2147483647;
			files = (
				2907F318240A4FAD00BC7DB3 /* RxRelay in Frameworks */,
				2907F31A240A4FAD00BC7DB3 /* RxCocoa in Frameworks */,
				2907F314240A4FAD00BC7DB3 /* RxSwift in Frameworks */,
			);
			runOnlyForDeploymentPostprocessing = 0;
		};
		2907F2F2240A4F1B00BC7DB3 /* Frameworks */ = {
			isa = PBXFrameworksBuildPhase;
			buildActionMask = 2147483647;
			files = (
			);
			runOnlyForDeploymentPostprocessing = 0;
		};
		2907F2FD240A4F1B00BC7DB3 /* Frameworks */ = {
			isa = PBXFrameworksBuildPhase;
			buildActionMask = 2147483647;
			files = (
			);
			runOnlyForDeploymentPostprocessing = 0;
		};
/* End PBXFrameworksBuildPhase section */

/* Begin PBXGroup section */
		2907F2D7240A4F1700BC7DB3 = {
			isa = PBXGroup;
			children = (
				2907F2E2240A4F1700BC7DB3 /* Paster */,
				2907F2F8240A4F1B00BC7DB3 /* PasterTests */,
				2907F303240A4F1B00BC7DB3 /* PasterUITests */,
				2907F2E1240A4F1700BC7DB3 /* Products */,
			);
			sourceTree = "<group>";
		};
		2907F2E1240A4F1700BC7DB3 /* Products */ = {
			isa = PBXGroup;
			children = (
				2907F2E0240A4F1700BC7DB3 /* Paster.app */,
				2907F2F5240A4F1B00BC7DB3 /* PasterTests.xctest */,
				2907F300240A4F1B00BC7DB3 /* PasterUITests.xctest */,
			);
			name = Products;
			sourceTree = "<group>";
		};
		2907F2E2240A4F1700BC7DB3 /* Paster */ = {
			isa = PBXGroup;
			children = (
				2907F2E3240A4F1700BC7DB3 /* AppDelegate.swift */,
				2907F31D240A4FE200BC7DB3 /* MenuManager.swift */,
				2907F2E5240A4F1700BC7DB3 /* ContentView.swift */,
				2907F31F240A500A00BC7DB3 /* StringHandler.swift */,
				2907F2E7240A4F1A00BC7DB3 /* Assets.xcassets */,
				2907F2EC240A4F1A00BC7DB3 /* Main.storyboard */,
				2907F2EF240A4F1A00BC7DB3 /* Info.plist */,
				2907F2F0240A4F1A00BC7DB3 /* Paster.entitlements */,
				2907F2E9240A4F1A00BC7DB3 /* Preview Content */,
			);
			path = Paster;
			sourceTree = "<group>";
		};
		2907F2E9240A4F1A00BC7DB3 /* Preview Content */ = {
			isa = PBXGroup;
			children = (
				2907F2EA240A4F1A00BC7DB3 /* Preview Assets.xcassets */,
			);
			path = "Preview Content";
			sourceTree = "<group>";
		};
		2907F2F8240A4F1B00BC7DB3 /* PasterTests */ = {
			isa = PBXGroup;
			children = (
				2907F2F9240A4F1B00BC7DB3 /* PasterTests.swift */,
				2907F2FB240A4F1B00BC7DB3 /* Info.plist */,
			);
			path = PasterTests;
			sourceTree = "<group>";
		};
		2907F303240A4F1B00BC7DB3 /* PasterUITests */ = {
			isa = PBXGroup;
			children = (
				2907F304240A4F1B00BC7DB3 /* PasterUITests.swift */,
				2907F306240A4F1B00BC7DB3 /* Info.plist */,
			);
			path = PasterUITests;
			sourceTree = "<group>";
		};
/* End PBXGroup section */

/* Begin PBXNativeTarget section */
		2907F2DF240A4F1700BC7DB3 /* Paster */ = {
			isa = PBXNativeTarget;
			buildConfigurationList = 2907F309240A4F1B00BC7DB3 /* Build configuration list for PBXNativeTarget "Paster" */;
			buildPhases = (
				2907F2DC240A4F1700BC7DB3 /* Sources */,
				2907F2DD240A4F1700BC7DB3 /* Frameworks */,
				2907F2DE240A4F1700BC7DB3 /* Resources */,
			);
			buildRules = (
			);
			dependencies = (
			);
			name = Paster;
			packageProductDependencies = (
				2907F313240A4FAD00BC7DB3 /* RxSwift */,
				2907F317240A4FAD00BC7DB3 /* RxRelay */,
				2907F319240A4FAD00BC7DB3 /* RxCocoa */,
			);
			productName = Paster;
			productReference = 2907F2E0240A4F1700BC7DB3 /* Paster.app */;
			productType = "com.apple.product-type.application";
		};
		2907F2F4240A4F1B00BC7DB3 /* PasterTests */ = {
			isa = PBXNativeTarget;
			buildConfigurationList = 2907F30C240A4F1B00BC7DB3 /* Build configuration list for PBXNativeTarget "PasterTests" */;
			buildPhases = (
				2907F2F1240A4F1B00BC7DB3 /* Sources */,
				2907F2F2240A4F1B00BC7DB3 /* Frameworks */,
				2907F2F3240A4F1B00BC7DB3 /* Resources */,
			);
			buildRules = (
			);
			dependencies = (
				2907F2F7240A4F1B00BC7DB3 /* PBXTargetDependency */,
			);
			name = PasterTests;
			productName = PasterTests;
			productReference = 2907F2F5240A4F1B00BC7DB3 /* PasterTests.xctest */;
			productType = "com.apple.product-type.bundle.unit-test";
		};
		2907F2FF240A4F1B00BC7DB3 /* PasterUITests */ = {
			isa = PBXNativeTarget;
			buildConfigurationList = 2907F30F240A4F1B00BC7DB3 /* Build configuration list for PBXNativeTarget "PasterUITests" */;
			buildPhases = (
				2907F2FC240A4F1B00BC7DB3 /* Sources */,
				2907F2FD240A4F1B00BC7DB3 /* Frameworks */,
				2907F2FE240A4F1B00BC7DB3 /* Resources */,
			);
			buildRules = (
			);
			dependencies = (
				2907F302240A4F1B00BC7DB3 /* PBXTargetDependency */,
			);
			name = PasterUITests;
			productName = PasterUITests;
			productReference = 2907F300240A4F1B00BC7DB3 /* PasterUITests.xctest */;
			productType = "com.apple.product-type.bundle.ui-testing";
		};
/* End PBXNativeTarget section */

/* Begin PBXProject section */
		2907F2D8240A4F1700BC7DB3 /* Project object */ = {
			isa = PBXProject;
			attributes = {
				LastSwiftUpdateCheck = 1110;
				LastUpgradeCheck = 1110;
				ORGANIZATIONNAME = Seong;
				TargetAttributes = {
					2907F2DF240A4F1700BC7DB3 = {
						CreatedOnToolsVersion = 11.1;
					};
					2907F2F4240A4F1B00BC7DB3 = {
						CreatedOnToolsVersion = 11.1;
						TestTargetID = 2907F2DF240A4F1700BC7DB3;
					};
					2907F2FF240A4F1B00BC7DB3 = {
						CreatedOnToolsVersion = 11.1;
						TestTargetID = 2907F2DF240A4F1700BC7DB3;
					};
				};
			};
			buildConfigurationList = 2907F2DB240A4F1700BC7DB3 /* Build configuration list for PBXProject "Paster" */;
			compatibilityVersion = "Xcode 9.3";
			developmentRegion = en;
			hasScannedForEncodings = 0;
			knownRegions = (
				en,
				Base,
			);
			mainGroup = 2907F2D7240A4F1700BC7DB3;
			packageReferences = (
				2907F312240A4FAD00BC7DB3 /* XCRemoteSwiftPackageReference "RxSwift" */,
			);
			productRefGroup = 2907F2E1240A4F1700BC7DB3 /* Products */;
			projectDirPath = "";
			projectRoot = "";
			targets = (
				2907F2DF240A4F1700BC7DB3 /* Paster */,
				2907F2F4240A4F1B00BC7DB3 /* PasterTests */,
				2907F2FF240A4F1B00BC7DB3 /* PasterUITests */,
			);
		};
/* End PBXProject section */

/* Begin PBXResourcesBuildPhase section */
		2907F2DE240A4F1700BC7DB3 /* Resources */ = {
			isa = PBXResourcesBuildPhase;
			buildActionMask = 2147483647;
			files = (
				2907F2EE240A4F1A00BC7DB3 /* Main.storyboard in Resources */,
				2907F2EB240A4F1A00BC7DB3 /* Preview Assets.xcassets in Resources */,
				2907F2E8240A4F1A00BC7DB3 /* Assets.xcassets in Resources */,
			);
			runOnlyForDeploymentPostprocessing = 0;
		};
		2907F2F3240A4F1B00BC7DB3 /* Resources */ = {
			isa = PBXResourcesBuildPhase;
			buildActionMask = 2147483647;
			files = (
			);
			runOnlyForDeploymentPostprocessing = 0;
		};
		2907F2FE240A4F1B00BC7DB3 /* Resources */ = {
			isa = PBXResourcesBuildPhase;
			buildActionMask = 2147483647;
			files = (
			);
			runOnlyForDeploymentPostprocessing = 0;
		};
/* End PBXResourcesBuildPhase section */

/* Begin PBXSourcesBuildPhase section */
		2907F2DC240A4F1700BC7DB3 /* Sources */ = {
			isa = PBXSourcesBuildPhase;
			buildActionMask = 2147483647;
			files = (
				2907F31E240A4FE200BC7DB3 /* MenuManager.swift in Sources */,
				2907F2E6240A4F1700BC7DB3 /* ContentView.swift in Sources */,
				2907F2E4240A4F1700BC7DB3 /* AppDelegate.swift in Sources */,
				2907F320240A500A00BC7DB3 /* StringHandler.swift in Sources */,
			);
			runOnlyForDeploymentPostprocessing = 0;
		};
		2907F2F1240A4F1B00BC7DB3 /* Sources */ = {
			isa = PBXSourcesBuildPhase;
			buildActionMask = 2147483647;
			files = (
				2907F2FA240A4F1B00BC7DB3 /* PasterTests.swift in Sources */,
			);
			runOnlyForDeploymentPostprocessing = 0;
		};
		2907F2FC240A4F1B00BC7DB3 /* Sources */ = {
			isa = PBXSourcesBuildPhase;
			buildActionMask = 2147483647;
			files = (
				2907F305240A4F1B00BC7DB3 /* PasterUITests.swift in Sources */,
			);
			runOnlyForDeploymentPostprocessing = 0;
		};
/* End PBXSourcesBuildPhase section */

/* Begin PBXTargetDependency section */
		2907F2F7240A4F1B00BC7DB3 /* PBXTargetDependency */ = {
			isa = PBXTargetDependency;
			target = 2907F2DF240A4F1700BC7DB3 /* Paster */;
			targetProxy = 2907F2F6240A4F1B00BC7DB3 /* PBXContainerItemProxy */;
		};
		2907F302240A4F1B00BC7DB3 /* PBXTargetDependency */ = {
			isa = PBXTargetDependency;
			target = 2907F2DF240A4F1700BC7DB3 /* Paster */;
			targetProxy = 2907F301240A4F1B00BC7DB3 /* PBXContainerItemProxy */;
		};
/* End PBXTargetDependency section */

/* Begin PBXVariantGroup section */
		2907F2EC240A4F1A00BC7DB3 /* Main.storyboard */ = {
			isa = PBXVariantGroup;
			children = (
				2907F2ED240A4F1A00BC7DB3 /* Base */,
			);
			name = Main.storyboard;
			sourceTree = "<group>";
		};
/* End PBXVariantGroup section */

/* Begin XCBuildConfiguration section */
		2907F307240A4F1B00BC7DB3 /* Debug */ = {
			isa = XCBuildConfiguration;
			buildSettings = {
				ALWAYS_SEARCH_USER_PATHS = NO;
				CLANG_ANALYZER_NONNULL = YES;
				CLANG_ANALYZER_NUMBER_OBJECT_CONVERSION = YES_AGGRESSIVE;
				CLANG_CXX_LANGUAGE_STANDARD = "gnu++14";
				CLANG_CXX_LIBRARY = "libc++";
				CLANG_ENABLE_MODULES = YES;
				CLANG_ENABLE_OBJC_ARC = YES;
				CLANG_ENABLE_OBJC_WEAK = YES;
				CLANG_WARN_BLOCK_CAPTURE_AUTORELEASING = YES;
				CLANG_WARN_BOOL_CONVERSION = YES;
				CLANG_WARN_COMMA = YES;
				CLANG_WARN_CONSTANT_CONVERSION = YES;
				CLANG_WARN_DEPRECATED_OBJC_IMPLEMENTATIONS = YES;
				CLANG_WARN_DIRECT_OBJC_ISA_USAGE = YES_ERROR;
				CLANG_WARN_DOCUMENTATION_COMMENTS = YES;
				CLANG_WARN_EMPTY_BODY = YES;
				CLANG_WARN_ENUM_CONVERSION = YES;
				CLANG_WARN_INFINITE_RECURSION = YES;
				CLANG_WARN_INT_CONVERSION = YES;
				CLANG_WARN_NON_LITERAL_NULL_CONVERSION = YES;
				CLANG_WARN_OBJC_IMPLICIT_RETAIN_SELF = YES;
				CLANG_WARN_OBJC_LITERAL_CONVERSION = YES;
				CLANG_WARN_OBJC_ROOT_CLASS = YES_ERROR;
				CLANG_WARN_RANGE_LOOP_ANALYSIS = YES;
				CLANG_WARN_STRICT_PROTOTYPES = YES;
				CLANG_WARN_SUSPICIOUS_MOVE = YES;
				CLANG_WARN_UNGUARDED_AVAILABILITY = YES_AGGRESSIVE;
				CLANG_WARN_UNREACHABLE_CODE = YES;
				CLANG_WARN__DUPLICATE_METHOD_MATCH = YES;
				COPY_PHASE_STRIP = NO;
				DEBUG_INFORMATION_FORMAT = dwarf;
				ENABLE_STRICT_OBJC_MSGSEND = YES;
				ENABLE_TESTABILITY = YES;
				GCC_C_LANGUAGE_STANDARD = gnu11;
				GCC_DYNAMIC_NO_PIC = NO;
				GCC_NO_COMMON_BLOCKS = YES;
				GCC_OPTIMIZATION_LEVEL = 0;
				GCC_PREPROCESSOR_DEFINITIONS = (
					"DEBUG=1",
					"$(inherited)",
				);
				GCC_WARN_64_TO_32_BIT_CONVERSION = YES;
				GCC_WARN_ABOUT_RETURN_TYPE = YES_ERROR;
				GCC_WARN_UNDECLARED_SELECTOR = YES;
				GCC_WARN_UNINITIALIZED_AUTOS = YES_AGGRESSIVE;
				GCC_WARN_UNUSED_FUNCTION = YES;
				GCC_WARN_UNUSED_VARIABLE = YES;
				MACOSX_DEPLOYMENT_TARGET = 10.15;
				MTL_ENABLE_DEBUG_INFO = INCLUDE_SOURCE;
				MTL_FAST_MATH = YES;
				ONLY_ACTIVE_ARCH = YES;
				SDKROOT = macosx;
				SWIFT_ACTIVE_COMPILATION_CONDITIONS = DEBUG;
				SWIFT_OPTIMIZATION_LEVEL = "-Onone";
			};
			name = Debug;
		};
		2907F308240A4F1B00BC7DB3 /* Release */ = {
			isa = XCBuildConfiguration;
			buildSettings = {
				ALWAYS_SEARCH_USER_PATHS = NO;
				CLANG_ANALYZER_NONNULL = YES;
				CLANG_ANALYZER_NUMBER_OBJECT_CONVERSION = YES_AGGRESSIVE;
				CLANG_CXX_LANGUAGE_STANDARD = "gnu++14";
				CLANG_CXX_LIBRARY = "libc++";
				CLANG_ENABLE_MODULES = YES;
				CLANG_ENABLE_OBJC_ARC = YES;
				CLANG_ENABLE_OBJC_WEAK = YES;
				CLANG_WARN_BLOCK_CAPTURE_AUTORELEASING = YES;
				CLANG_WARN_BOOL_CONVERSION = YES;
				CLANG_WARN_COMMA = YES;
				CLANG_WARN_CONSTANT_CONVERSION = YES;
				CLANG_WARN_DEPRECATED_OBJC_IMPLEMENTATIONS = YES;
				CLANG_WARN_DIRECT_OBJC_ISA_USAGE = YES_ERROR;
				CLANG_WARN_DOCUMENTATION_COMMENTS = YES;
				CLANG_WARN_EMPTY_BODY = YES;
				CLANG_WARN_ENUM_CONVERSION = YES;
				CLANG_WARN_INFINITE_RECURSION = YES;
				CLANG_WARN_INT_CONVERSION = YES;
				CLANG_WARN_NON_LITERAL_NULL_CONVERSION = YES;
				CLANG_WARN_OBJC_IMPLICIT_RETAIN_SELF = YES;
				CLANG_WARN_OBJC_LITERAL_CONVERSION = YES;
				CLANG_WARN_OBJC_ROOT_CLASS = YES_ERROR;
				CLANG_WARN_RANGE_LOOP_ANALYSIS = YES;
				CLANG_WARN_STRICT_PROTOTYPES = YES;
				CLANG_WARN_SUSPICIOUS_MOVE = YES;
				CLANG_WARN_UNGUARDED_AVAILABILITY = YES_AGGRESSIVE;
				CLANG_WARN_UNREACHABLE_CODE = YES;
				CLANG_WARN__DUPLICATE_METHOD_MATCH = YES;
				COPY_PHASE_STRIP = NO;
				DEBUG_INFORMATION_FORMAT = "dwarf-with-dsym";
				ENABLE_NS_ASSERTIONS = NO;
				ENABLE_STRICT_OBJC_MSGSEND = YES;
				GCC_C_LANGUAGE_STANDARD = gnu11;
				GCC_NO_COMMON_BLOCKS = YES;
				GCC_WARN_64_TO_32_BIT_CONVERSION = YES;
				GCC_WARN_ABOUT_RETURN_TYPE = YES_ERROR;
				GCC_WARN_UNDECLARED_SELECTOR = YES;
				GCC_WARN_UNINITIALIZED_AUTOS = YES_AGGRESSIVE;
				GCC_WARN_UNUSED_FUNCTION = YES;
				GCC_WARN_UNUSED_VARIABLE = YES;
				MACOSX_DEPLOYMENT_TARGET = 10.15;
				MTL_ENABLE_DEBUG_INFO = NO;
				MTL_FAST_MATH = YES;
				SDKROOT = macosx;
				SWIFT_COMPILATION_MODE = wholemodule;
				SWIFT_OPTIMIZATION_LEVEL = "-O";
			};
			name = Release;
		};
		2907F30A240A4F1B00BC7DB3 /* Debug */ = {
			isa = XCBuildConfiguration;
			buildSettings = {
				ASSETCATALOG_COMPILER_APPICON_NAME = AppIcon;
				CODE_SIGN_ENTITLEMENTS = Paster/Paster.entitlements;
				CODE_SIGN_STYLE = Automatic;
				COMBINE_HIDPI_IMAGES = YES;
				DEVELOPMENT_ASSET_PATHS = "\"Paster/Preview Content\"";
				ENABLE_PREVIEWS = YES;
				INFOPLIST_FILE = Paster/Info.plist;
				LD_RUNPATH_SEARCH_PATHS = (
					"$(inherited)",
					"@executable_path/../Frameworks",
				);
				MACOSX_DEPLOYMENT_TARGET = 10.15;
				PRODUCT_BUNDLE_IDENTIFIER = seong.Paster;
				PRODUCT_NAME = "$(TARGET_NAME)";
				SWIFT_VERSION = 5.0;
			};
			name = Debug;
		};
		2907F30B240A4F1B00BC7DB3 /* Release */ = {
			isa = XCBuildConfiguration;
			buildSettings = {
				ASSETCATALOG_COMPILER_APPICON_NAME = AppIcon;
				CODE_SIGN_ENTITLEMENTS = Paster/Paster.entitlements;
				CODE_SIGN_STYLE = Automatic;
				COMBINE_HIDPI_IMAGES = YES;
				DEVELOPMENT_ASSET_PATHS = "\"Paster/Preview Content\"";
				ENABLE_PREVIEWS = YES;
				INFOPLIST_FILE = Paster/Info.plist;
				LD_RUNPATH_SEARCH_PATHS = (
					"$(inherited)",
					"@executable_path/../Frameworks",
				);
				MACOSX_DEPLOYMENT_TARGET = 10.15;
				PRODUCT_BUNDLE_IDENTIFIER = seong.Paster;
				PRODUCT_NAME = "$(TARGET_NAME)";
				SWIFT_VERSION = 5.0;
			};
			name = Release;
		};
		2907F30D240A4F1B00BC7DB3 /* Debug */ = {
			isa = XCBuildConfiguration;
			buildSettings = {
				ALWAYS_EMBED_SWIFT_STANDARD_LIBRARIES = YES;
				BUNDLE_LOADER = "$(TEST_HOST)";
				CODE_SIGN_STYLE = Automatic;
				COMBINE_HIDPI_IMAGES = YES;
				INFOPLIST_FILE = PasterTests/Info.plist;
				LD_RUNPATH_SEARCH_PATHS = (
					"$(inherited)",
					"@executable_path/../Frameworks",
					"@loader_path/../Frameworks",
				);
				MACOSX_DEPLOYMENT_TARGET = 10.15;
				PRODUCT_BUNDLE_IDENTIFIER = seong.PasterTests;
				PRODUCT_NAME = "$(TARGET_NAME)";
				SWIFT_VERSION = 5.0;
				TEST_HOST = "$(BUILT_PRODUCTS_DIR)/Paster.app/Contents/MacOS/Paster";
			};
			name = Debug;
		};
		2907F30E240A4F1B00BC7DB3 /* Release */ = {
			isa = XCBuildConfiguration;
			buildSettings = {
				ALWAYS_EMBED_SWIFT_STANDARD_LIBRARIES = YES;
				BUNDLE_LOADER = "$(TEST_HOST)";
				CODE_SIGN_STYLE = Automatic;
				COMBINE_HIDPI_IMAGES = YES;
				INFOPLIST_FILE = PasterTests/Info.plist;
				LD_RUNPATH_SEARCH_PATHS = (
					"$(inherited)",
					"@executable_path/../Frameworks",
					"@loader_path/../Frameworks",
				);
				MACOSX_DEPLOYMENT_TARGET = 10.15;
				PRODUCT_BUNDLE_IDENTIFIER = seong.PasterTests;
				PRODUCT_NAME = "$(TARGET_NAME)";
				SWIFT_VERSION = 5.0;
				TEST_HOST = "$(BUILT_PRODUCTS_DIR)/Paster.app/Contents/MacOS/Paster";
			};
			name = Release;
		};
		2907F310240A4F1B00BC7DB3 /* Debug */ = {
			isa = XCBuildConfiguration;
			buildSettings = {
				ALWAYS_EMBED_SWIFT_STANDARD_LIBRARIES = YES;
				CODE_SIGN_STYLE = Automatic;
				COMBINE_HIDPI_IMAGES = YES;
				INFOPLIST_FILE = PasterUITests/Info.plist;
				LD_RUNPATH_SEARCH_PATHS = (
					"$(inherited)",
					"@executable_path/../Frameworks",
					"@loader_path/../Frameworks",
				);
				PRODUCT_BUNDLE_IDENTIFIER = seong.PasterUITests;
				PRODUCT_NAME = "$(TARGET_NAME)";
				SWIFT_VERSION = 5.0;
				TEST_TARGET_NAME = Paster;
			};
			name = Debug;
		};
		2907F311240A4F1B00BC7DB3 /* Release */ = {
			isa = XCBuildConfiguration;
			buildSettings = {
				ALWAYS_EMBED_SWIFT_STANDARD_LIBRARIES = YES;
				CODE_SIGN_STYLE = Automatic;
				COMBINE_HIDPI_IMAGES = YES;
				INFOPLIST_FILE = PasterUITests/Info.plist;
				LD_RUNPATH_SEARCH_PATHS = (
					"$(inherited)",
					"@executable_path/../Frameworks",
					"@loader_path/../Frameworks",
				);
				PRODUCT_BUNDLE_IDENTIFIER = seong.PasterUITests;
				PRODUCT_NAME = "$(TARGET_NAME)";
				SWIFT_VERSION = 5.0;
				TEST_TARGET_NAME = Paster;
			};
			name = Release;
		};
/* End XCBuildConfiguration section */

/* Begin XCConfigurationList section */
		2907F2DB240A4F1700BC7DB3 /* Build configuration list for PBXProject "Paster" */ = {
			isa = XCConfigurationList;
			buildConfigurations = (
				2907F307240A4F1B00BC7DB3 /* Debug */,
				2907F308240A4F1B00BC7DB3 /* Release */,
			);
			defaultConfigurationIsVisible = 0;
			defaultConfigurationName = Release;
		};
		2907F309240A4F1B00BC7DB3 /* Build configuration list for PBXNativeTarget "Paster" */ = {
			isa = XCConfigurationList;
			buildConfigurations = (
				2907F30A240A4F1B00BC7DB3 /* Debug */,
				2907F30B240A4F1B00BC7DB3 /* Release */,
			);
			defaultConfigurationIsVisible = 0;
			defaultConfigurationName = Release;
		};
		2907F30C240A4F1B00BC7DB3 /* Build configuration list for PBXNativeTarget "PasterTests" */ = {
			isa = XCConfigurationList;
			buildConfigurations = (
				2907F30D240A4F1B00BC7DB3 /* Debug */,
				2907F30E240A4F1B00BC7DB3 /* Release */,
			);
			defaultConfigurationIsVisible = 0;
			defaultConfigurationName = Release;
		};
		2907F30F240A4F1B00BC7DB3 /* Build configuration list for PBXNativeTarget "PasterUITests" */ = {
			isa = XCConfigurationList;
			buildConfigurations = (
				2907F310240A4F1B00BC7DB3 /* Debug */,
				2907F311240A4F1B00BC7DB3 /* Release */,
			);
			defaultConfigurationIsVisible = 0;
			defaultConfigurationName = Release;
		};
/* End XCConfigurationList section */

/* Begin XCRemoteSwiftPackageReference section */
		2907F312240A4FAD00BC7DB3 /* XCRemoteSwiftPackageReference "RxSwift" */ = {
			isa = XCRemoteSwiftPackageReference;
			repositoryURL = "https://github.com/ReactiveX/RxSwift";
			requirement = {
				kind = upToNextMajorVersion;
				minimumVersion = 5.0.1;
			};
		};
/* End XCRemoteSwiftPackageReference section */

/* Begin XCSwiftPackageProductDependency section */
		2907F313240A4FAD00BC7DB3 /* RxSwift */ = {
			isa = XCSwiftPackageProductDependency;
			package = 2907F312240A4FAD00BC7DB3 /* XCRemoteSwiftPackageReference "RxSwift" */;
			productName = RxSwift;
		};
		2907F317240A4FAD00BC7DB3 /* RxRelay */ = {
			isa = XCSwiftPackageProductDependency;
			package = 2907F312240A4FAD00BC7DB3 /* XCRemoteSwiftPackageReference "RxSwift" */;
			productName = RxRelay;
		};
		2907F319240A4FAD00BC7DB3 /* RxCocoa */ = {
			isa = XCSwiftPackageProductDependency;
			package = 2907F312240A4FAD00BC7DB3 /* XCRemoteSwiftPackageReference "RxSwift" */;
			productName = RxCocoa;
		};
/* End XCSwiftPackageProductDependency section */
	};
	rootObject = 2907F2D8240A4F1700BC7DB3 /* Project object */;
}
